
Microsoft Visual Studio Solution File, Format Version 12.00
# Visual Studio Version 17
VisualStudioVersion = 17.4.33122.133
MinimumVisualStudioVersion = 10.0.40219.1
Project("{9A19103F-16F7-4668-BE54-9A1E7A4F7556}") = "LemonadeStand", "LemonadeStand\LemonadeStand.csproj", "{DBF6F5D5-E6B8-47EE-B5A4-8268B0A65BC5}"
EndProject
Global
	GlobalSection(SolutionConfigurationPlatforms) = preSolution
		Debug|Any CPU = Debug|Any CPU
		Release|Any CPU = Release|Any CPU
	EndGlobalSection
	GlobalSection(ProjectConfigurationPlatforms) = postSolution
		{DBF6F5D5-E6B8-47EE-B5A4-8268B0A65BC5}.Debug|Any CPU.ActiveCfg = Debug|Any CPU
		{DBF6F5D5-E6B8-47EE-B5A4-8268B0A65BC5}.Debug|Any CPU.Build.0 = Debug|Any CPU
		{DBF6F5D5-E6B8-47EE-B5A4-8268B0A65BC5}.Release|Any CPU.ActiveCfg = Release|Any CPU
		{DBF6F5D5-E6B8-47EE-B5A4-8268B0A65BC5}.Release|Any CPU.Build.0 = Release|Any CPU
	EndGlobalSection
	GlobalSection(SolutionProperties) = preSolution
		HideSolutionNode = FALSE
	EndGlobalSection
	GlobalSection(ExtensibilityGlobals) = postSolution
		SolutionGuid = {E244B357-2292-4175-BD43-F6525BBB9BB1}
	EndGlobalSection
EndGlobal
